
Microsoft Visual Studio Solution File, Format Version 12.00
# Visual Studio Version 16
VisualStudioVersion = 16.0.30320.27
MinimumVisualStudioVersion = 10.0.40219.1
Project("{9A19103F-16F7-4668-BE54-9A1E7A4F7556}") = "Basic", "Basic\Basic.csproj", "{7327D97A-BC91-4CD7-A2B1-7B8C711A2FBF}"
EndProject
Project("{9A19103F-16F7-4668-BE54-9A1E7A4F7556}") = "IdentityExample", "IdentityExample\IdentityExample.csproj", "{BE2D9AC5-AFDD-419C-92F3-502A103928CE}"
EndProject
Project("{2150E333-8FDC-42A3-9474-1A3956D46DE8}") = "Basics", "Basics", "{1AD1226E-5DC0-4A07-A2C0-09E8AE30C025}"
EndProject
Project("{2150E333-8FDC-42A3-9474-1A3956D46DE8}") = "oauth", "oauth", "{E647A4EF-DBC6-4538-AFDD-5A212736B628}"
EndProject
Project("{9A19103F-16F7-4668-BE54-9A1E7A4F7556}") = "Server", "Server\Server.csproj", "{25E9930A-0EF6-4217-9E3E-91E464F10BDC}"
EndProject
Project("{9A19103F-16F7-4668-BE54-9A1E7A4F7556}") = "Client", "Client\Client.csproj", "{C4C4FD4A-6A7D-4AB8-B3AA-1D9F58DE2E15}"
EndProject
Project("{9A19103F-16F7-4668-BE54-9A1E7A4F7556}") = "Api", "Api\Api.csproj", "{7E9C3FAA-F675-4F69-835C-B9B7A1DB3178}"
EndProject
Project("{2150E333-8FDC-42A3-9474-1A3956D46DE8}") = "identityserver4", "identityserver4", "{881BD2E1-3CFD-44D6-A058-42B2FE3EFC13}"
EndProject
Project("{9A19103F-16F7-4668-BE54-9A1E7A4F7556}") = "IdentityServer", "IdentityServer\IdentityServer.csproj", "{87E7B8E2-F3C0-4BC7-AE4F-8A55269E2BFE}"
EndProject
Project("{9A19103F-16F7-4668-BE54-9A1E7A4F7556}") = "ApiOne", "ApiOne\ApiOne.csproj", "{C8BF1B36-6954-4AC9-B201-D5E45B97A4C7}"
EndProject
Project("{9A19103F-16F7-4668-BE54-9A1E7A4F7556}") = "ApiTwo", "ApiTwo\ApiTwo.csproj", "{81E9B087-C3B6-4BFD-8DF4-B9E1111CD90A}"
EndProject
Project("{FAE04EC0-301F-11D3-BF4B-00C04F79EFBC}") = "MvcClient", "MvcClient\MvcClient.csproj", "{734021A6-CA4A-4578-9A69-AA745846DA5C}"
EndProject
Global
	GlobalSection(SolutionConfigurationPlatforms) = preSolution
		Debug|Any CPU = Debug|Any CPU
		Release|Any CPU = Release|Any CPU
	EndGlobalSection
	GlobalSection(ProjectConfigurationPlatforms) = postSolution
		{7327D97A-BC91-4CD7-A2B1-7B8C711A2FBF}.Debug|Any CPU.ActiveCfg = Debug|Any CPU
		{7327D97A-BC91-4CD7-A2B1-7B8C711A2FBF}.Debug|Any CPU.Build.0 = Debug|Any CPU
		{7327D97A-BC91-4CD7-A2B1-7B8C711A2FBF}.Release|Any CPU.ActiveCfg = Release|Any CPU
		{7327D97A-BC91-4CD7-A2B1-7B8C711A2FBF}.Release|Any CPU.Build.0 = Release|Any CPU
		{BE2D9AC5-AFDD-419C-92F3-502A103928CE}.Debug|Any CPU.ActiveCfg = Debug|Any CPU
		{BE2D9AC5-AFDD-419C-92F3-502A103928CE}.Debug|Any CPU.Build.0 = Debug|Any CPU
		{BE2D9AC5-AFDD-419C-92F3-502A103928CE}.Release|Any CPU.ActiveCfg = Release|Any CPU
		{BE2D9AC5-AFDD-419C-92F3-502A103928CE}.Release|Any CPU.Build.0 = Release|Any CPU
		{25E9930A-0EF6-4217-9E3E-91E464F10BDC}.Debug|Any CPU.ActiveCfg = Debug|Any CPU
		{25E9930A-0EF6-4217-9E3E-91E464F10BDC}.Debug|Any CPU.Build.0 = Debug|Any CPU
		{25E9930A-0EF6-4217-9E3E-91E464F10BDC}.Release|Any CPU.ActiveCfg = Release|Any CPU
		{25E9930A-0EF6-4217-9E3E-91E464F10BDC}.Release|Any CPU.Build.0 = Release|Any CPU
		{C4C4FD4A-6A7D-4AB8-B3AA-1D9F58DE2E15}.Debug|Any CPU.ActiveCfg = Debug|Any CPU
		{C4C4FD4A-6A7D-4AB8-B3AA-1D9F58DE2E15}.Debug|Any CPU.Build.0 = Debug|Any CPU
		{C4C4FD4A-6A7D-4AB8-B3AA-1D9F58DE2E15}.Release|Any CPU.ActiveCfg = Release|Any CPU
		{C4C4FD4A-6A7D-4AB8-B3AA-1D9F58DE2E15}.Release|Any CPU.Build.0 = Release|Any CPU
		{7E9C3FAA-F675-4F69-835C-B9B7A1DB3178}.Debug|Any CPU.ActiveCfg = Debug|Any CPU
		{7E9C3FAA-F675-4F69-835C-B9B7A1DB3178}.Debug|Any CPU.Build.0 = Debug|Any CPU
		{7E9C3FAA-F675-4F69-835C-B9B7A1DB3178}.Release|Any CPU.ActiveCfg = Release|Any CPU
		{7E9C3FAA-F675-4F69-835C-B9B7A1DB3178}.Release|Any CPU.Build.0 = Release|Any CPU
		{87E7B8E2-F3C0-4BC7-AE4F-8A55269E2BFE}.Debug|Any CPU.ActiveCfg = Debug|Any CPU
		{87E7B8E2-F3C0-4BC7-AE4F-8A55269E2BFE}.Debug|Any CPU.Build.0 = Debug|Any CPU
		{87E7B8E2-F3C0-4BC7-AE4F-8A55269E2BFE}.Release|Any CPU.ActiveCfg = Release|Any CPU
		{87E7B8E2-F3C0-4BC7-AE4F-8A55269E2BFE}.Release|Any CPU.Build.0 = Release|Any CPU
		{C8BF1B36-6954-4AC9-B201-D5E45B97A4C7}.Debug|Any CPU.ActiveCfg = Debug|Any CPU
		{C8BF1B36-6954-4AC9-B201-D5E45B97A4C7}.Debug|Any CPU.Build.0 = Debug|Any CPU
		{C8BF1B36-6954-4AC9-B201-D5E45B97A4C7}.Release|Any CPU.ActiveCfg = Release|Any CPU
		{C8BF1B36-6954-4AC9-B201-D5E45B97A4C7}.Release|Any CPU.Build.0 = Release|Any CPU
		{81E9B087-C3B6-4BFD-8DF4-B9E1111CD90A}.Debug|Any CPU.ActiveCfg = Debug|Any CPU
		{81E9B087-C3B6-4BFD-8DF4-B9E1111CD90A}.Debug|Any CPU.Build.0 = Debug|Any CPU
		{81E9B087-C3B6-4BFD-8DF4-B9E1111CD90A}.Release|Any CPU.ActiveCfg = Release|Any CPU
		{81E9B087-C3B6-4BFD-8DF4-B9E1111CD90A}.Release|Any CPU.Build.0 = Release|Any CPU
		{734021A6-CA4A-4578-9A69-AA745846DA5C}.Debug|Any CPU.ActiveCfg = Debug|Any CPU
		{734021A6-CA4A-4578-9A69-AA745846DA5C}.Debug|Any CPU.Build.0 = Debug|Any CPU
		{734021A6-CA4A-4578-9A69-AA745846DA5C}.Release|Any CPU.ActiveCfg = Release|Any CPU
		{734021A6-CA4A-4578-9A69-AA745846DA5C}.Release|Any CPU.Build.0 = Release|Any CPU
	EndGlobalSection
	GlobalSection(SolutionProperties) = preSolution
		HideSolutionNode = FALSE
	EndGlobalSection
	GlobalSection(NestedProjects) = preSolution
		{7327D97A-BC91-4CD7-A2B1-7B8C711A2FBF} = {1AD1226E-5DC0-4A07-A2C0-09E8AE30C025}
		{BE2D9AC5-AFDD-419C-92F3-502A103928CE} = {1AD1226E-5DC0-4A07-A2C0-09E8AE30C025}
		{25E9930A-0EF6-4217-9E3E-91E464F10BDC} = {E647A4EF-DBC6-4538-AFDD-5A212736B628}
		{C4C4FD4A-6A7D-4AB8-B3AA-1D9F58DE2E15} = {E647A4EF-DBC6-4538-AFDD-5A212736B628}
		{7E9C3FAA-F675-4F69-835C-B9B7A1DB3178} = {E647A4EF-DBC6-4538-AFDD-5A212736B628}
		{87E7B8E2-F3C0-4BC7-AE4F-8A55269E2BFE} = {881BD2E1-3CFD-44D6-A058-42B2FE3EFC13}
		{C8BF1B36-6954-4AC9-B201-D5E45B97A4C7} = {881BD2E1-3CFD-44D6-A058-42B2FE3EFC13}
		{81E9B087-C3B6-4BFD-8DF4-B9E1111CD90A} = {881BD2E1-3CFD-44D6-A058-42B2FE3EFC13}
		{734021A6-CA4A-4578-9A69-AA745846DA5C} = {881BD2E1-3CFD-44D6-A058-42B2FE3EFC13}
	EndGlobalSection
	GlobalSection(ExtensibilityGlobals) = postSolution
		SolutionGuid = {6FE24E59-5FF5-4CA4-9390-0F064B18BED6}
	EndGlobalSection
EndGlobal
